
Microsoft Visual Studio Solution File, Format Version 12.00
# Visual Studio Version 17
VisualStudioVersion = 17.4.34302.79
MinimumVisualStudioVersion = 10.0.40219.1
Project("{9A19103F-16F7-4668-BE54-9A1E7A4F7556}") = "Store.API", "Store.API\Store.API.csproj", "{C9B08EF2-C4F2-43A4-917F-4C5B3F62B513}"
EndProject
Project("{9A19103F-16F7-4668-BE54-9A1E7A4F7556}") = "UpdateCategoryName.Function", "UpdateCategoryName.Function\UpdateCategoryName.Function.csproj", "{03614416-8D05-4A8C-8A1C-D9E6A6A25006}"
EndProject
Project("{FAE04EC0-301F-11D3-BF4B-00C04F79EFBC}") = "UpdateCategoryName.Function2", "UpdateCategoryName.Function2\UpdateCategoryName.Function2.csproj", "{45BE27DF-06A3-456D-82A0-388842AED4AA}"
EndProject
Global
	GlobalSection(SolutionConfigurationPlatforms) = preSolution
		Debug|Any CPU = Debug|Any CPU
		Release|Any CPU = Release|Any CPU
	EndGlobalSection
	GlobalSection(ProjectConfigurationPlatforms) = postSolution
		{C9B08EF2-C4F2-43A4-917F-4C5B3F62B513}.Debug|Any CPU.ActiveCfg = Debug|Any CPU
		{C9B08EF2-C4F2-43A4-917F-4C5B3F62B513}.Debug|Any CPU.Build.0 = Debug|Any CPU
		{C9B08EF2-C4F2-43A4-917F-4C5B3F62B513}.Release|Any CPU.ActiveCfg = Release|Any CPU
		{C9B08EF2-C4F2-43A4-917F-4C5B3F62B513}.Release|Any CPU.Build.0 = Release|Any CPU
		{03614416-8D05-4A8C-8A1C-D9E6A6A25006}.Debug|Any CPU.ActiveCfg = Debug|Any CPU
		{03614416-8D05-4A8C-8A1C-D9E6A6A25006}.Debug|Any CPU.Build.0 = Debug|Any CPU
		{03614416-8D05-4A8C-8A1C-D9E6A6A25006}.Release|Any CPU.ActiveCfg = Release|Any CPU
		{03614416-8D05-4A8C-8A1C-D9E6A6A25006}.Release|Any CPU.Build.0 = Release|Any CPU
		{45BE27DF-06A3-456D-82A0-388842AED4AA}.Debug|Any CPU.ActiveCfg = Debug|Any CPU
		{45BE27DF-06A3-456D-82A0-388842AED4AA}.Debug|Any CPU.Build.0 = Debug|Any CPU
		{45BE27DF-06A3-456D-82A0-388842AED4AA}.Release|Any CPU.ActiveCfg = Release|Any CPU
		{45BE27DF-06A3-456D-82A0-388842AED4AA}.Release|Any CPU.Build.0 = Release|Any CPU
	EndGlobalSection
	GlobalSection(SolutionProperties) = preSolution
		HideSolutionNode = FALSE
	EndGlobalSection
	GlobalSection(ExtensibilityGlobals) = postSolution
		SolutionGuid = {0EA25CB0-8A7B-4FB2-9F28-4C301919D186}
	EndGlobalSection
EndGlobal
